
Microsoft Visual Studio Solution File, Format Version 12.00
# Visual Studio Version 16
VisualStudioVersion = 16.0.31005.135
MinimumVisualStudioVersion = 10.0.40219.1
Project("{FAE04EC0-301F-11D3-BF4B-00C04F79EFBC}") = "Price-Arbitrage-Calculator", "Price-Arbitrage-Calculator\Price-Arbitrage-Calculator.csproj", "{CAB9ED2C-2792-4324-8342-EA62D789FDCA}"
EndProject
Global
	GlobalSection(SolutionConfigurationPlatforms) = preSolution
		Debug|Any CPU = Debug|Any CPU
		Release|Any CPU = Release|Any CPU
	EndGlobalSection
	GlobalSection(ProjectConfigurationPlatforms) = postSolution
		{CAB9ED2C-2792-4324-8342-EA62D789FDCA}.Debug|Any CPU.ActiveCfg = Debug|Any CPU
		{CAB9ED2C-2792-4324-8342-EA62D789FDCA}.Debug|Any CPU.Build.0 = Debug|Any CPU
		{CAB9ED2C-2792-4324-8342-EA62D789FDCA}.Release|Any CPU.ActiveCfg = Release|Any CPU
		{CAB9ED2C-2792-4324-8342-EA62D789FDCA}.Release|Any CPU.Build.0 = Release|Any CPU
	EndGlobalSection
	GlobalSection(SolutionProperties) = preSolution
		HideSolutionNode = FALSE
	EndGlobalSection
	GlobalSection(ExtensibilityGlobals) = postSolution
		SolutionGuid = {1B6111F6-5086-4479-9D62-93DA4A2250FB}
	EndGlobalSection
EndGlobal
